
Microsoft Visual Studio Solution File, Format Version 12.00
# Visual Studio Version 16
VisualStudioVersion = 16.0.31025.194
MinimumVisualStudioVersion = 10.0.40219.1
Project("{FAE04EC0-301F-11D3-BF4B-00C04F79EFBC}") = "Harmonogram_dotNet_Project", "Harmonogram_dotNet_Project\Harmonogram_dotNet_Project.csproj", "{D3D1E6B7-5185-44FA-817E-2C3787CDD044}"
EndProject
Global
	GlobalSection(SolutionConfigurationPlatforms) = preSolution
		Debug|Any CPU = Debug|Any CPU
		Release|Any CPU = Release|Any CPU
	EndGlobalSection
	GlobalSection(ProjectConfigurationPlatforms) = postSolution
		{D3D1E6B7-5185-44FA-817E-2C3787CDD044}.Debug|Any CPU.ActiveCfg = Debug|Any CPU
		{D3D1E6B7-5185-44FA-817E-2C3787CDD044}.Debug|Any CPU.Build.0 = Debug|Any CPU
		{D3D1E6B7-5185-44FA-817E-2C3787CDD044}.Release|Any CPU.ActiveCfg = Release|Any CPU
		{D3D1E6B7-5185-44FA-817E-2C3787CDD044}.Release|Any CPU.Build.0 = Release|Any CPU
	EndGlobalSection
	GlobalSection(SolutionProperties) = preSolution
		HideSolutionNode = FALSE
	EndGlobalSection
	GlobalSection(ExtensibilityGlobals) = postSolution
		SolutionGuid = {D672F838-9EDB-4CB2-A689-4A1E87AAF873}
	EndGlobalSection
EndGlobal
